
Microsoft Visual Studio Solution File, Format Version 12.00
# Visual Studio Version 17
VisualStudioVersion = 17.0.31903.59
MinimumVisualStudioVersion = 10.0.40219.1
Project("{FAE04EC0-301F-11D3-BF4B-00C04F79EFBC}") = "Domain", "Domain\Domain.csproj", "{E61ABAC2-6677-464E-871C-2FA164ED25FD}"
EndProject
Project("{FAE04EC0-301F-11D3-BF4B-00C04F79EFBC}") = "Infrastructure", "Infrastructure\Infrastructure.csproj", "{0C0E5C1E-E54C-4C88-ABDB-6B6D35D2F925}"
EndProject
Project("{FAE04EC0-301F-11D3-BF4B-00C04F79EFBC}") = "ConsoleApp", "ConsoleApp\ConsoleApp.csproj", "{7BD5C4DF-781E-4BF1-AE62-91C679A821F1}"
EndProject
Global
	GlobalSection(SolutionConfigurationPlatforms) = preSolution
		Debug|Any CPU = Debug|Any CPU
		Debug|x64 = Debug|x64
		Debug|x86 = Debug|x86
		Release|Any CPU = Release|Any CPU
		Release|x64 = Release|x64
		Release|x86 = Release|x86
	EndGlobalSection
	GlobalSection(ProjectConfigurationPlatforms) = postSolution
		{E61ABAC2-6677-464E-871C-2FA164ED25FD}.Debug|Any CPU.ActiveCfg = Debug|Any CPU
		{E61ABAC2-6677-464E-871C-2FA164ED25FD}.Debug|Any CPU.Build.0 = Debug|Any CPU
		{E61ABAC2-6677-464E-871C-2FA164ED25FD}.Debug|x64.ActiveCfg = Debug|Any CPU
		{E61ABAC2-6677-464E-871C-2FA164ED25FD}.Debug|x64.Build.0 = Debug|Any CPU
		{E61ABAC2-6677-464E-871C-2FA164ED25FD}.Debug|x86.ActiveCfg = Debug|Any CPU
		{E61ABAC2-6677-464E-871C-2FA164ED25FD}.Debug|x86.Build.0 = Debug|Any CPU
		{E61ABAC2-6677-464E-871C-2FA164ED25FD}.Release|Any CPU.ActiveCfg = Release|Any CPU
		{E61ABAC2-6677-464E-871C-2FA164ED25FD}.Release|Any CPU.Build.0 = Release|Any CPU
		{E61ABAC2-6677-464E-871C-2FA164ED25FD}.Release|x64.ActiveCfg = Release|Any CPU
		{E61ABAC2-6677-464E-871C-2FA164ED25FD}.Release|x64.Build.0 = Release|Any CPU
		{E61ABAC2-6677-464E-871C-2FA164ED25FD}.Release|x86.ActiveCfg = Release|Any CPU
		{E61ABAC2-6677-464E-871C-2FA164ED25FD}.Release|x86.Build.0 = Release|Any CPU
		{0C0E5C1E-E54C-4C88-ABDB-6B6D35D2F925}.Debug|Any CPU.ActiveCfg = Debug|Any CPU
		{0C0E5C1E-E54C-4C88-ABDB-6B6D35D2F925}.Debug|Any CPU.Build.0 = Debug|Any CPU
		{0C0E5C1E-E54C-4C88-ABDB-6B6D35D2F925}.Debug|x64.ActiveCfg = Debug|Any CPU
		{0C0E5C1E-E54C-4C88-ABDB-6B6D35D2F925}.Debug|x64.Build.0 = Debug|Any CPU
		{0C0E5C1E-E54C-4C88-ABDB-6B6D35D2F925}.Debug|x86.ActiveCfg = Debug|Any CPU
		{0C0E5C1E-E54C-4C88-ABDB-6B6D35D2F925}.Debug|x86.Build.0 = Debug|Any CPU
		{0C0E5C1E-E54C-4C88-ABDB-6B6D35D2F925}.Release|Any CPU.ActiveCfg = Release|Any CPU
		{0C0E5C1E-E54C-4C88-ABDB-6B6D35D2F925}.Release|Any CPU.Build.0 = Release|Any CPU
		{0C0E5C1E-E54C-4C88-ABDB-6B6D35D2F925}.Release|x64.ActiveCfg = Release|Any CPU
		{0C0E5C1E-E54C-4C88-ABDB-6B6D35D2F925}.Release|x64.Build.0 = Release|Any CPU
		{0C0E5C1E-E54C-4C88-ABDB-6B6D35D2F925}.Release|x86.ActiveCfg = Release|Any CPU
		{0C0E5C1E-E54C-4C88-ABDB-6B6D35D2F925}.Release|x86.Build.0 = Release|Any CPU
		{7BD5C4DF-781E-4BF1-AE62-91C679A821F1}.Debug|Any CPU.ActiveCfg = Debug|Any CPU
		{7BD5C4DF-781E-4BF1-AE62-91C679A821F1}.Debug|Any CPU.Build.0 = Debug|Any CPU
		{7BD5C4DF-781E-4BF1-AE62-91C679A821F1}.Debug|x64.ActiveCfg = Debug|Any CPU
		{7BD5C4DF-781E-4BF1-AE62-91C679A821F1}.Debug|x64.Build.0 = Debug|Any CPU
		{7BD5C4DF-781E-4BF1-AE62-91C679A821F1}.Debug|x86.ActiveCfg = Debug|Any CPU
		{7BD5C4DF-781E-4BF1-AE62-91C679A821F1}.Debug|x86.Build.0 = Debug|Any CPU
		{7BD5C4DF-781E-4BF1-AE62-91C679A821F1}.Release|Any CPU.ActiveCfg = Release|Any CPU
		{7BD5C4DF-781E-4BF1-AE62-91C679A821F1}.Release|Any CPU.Build.0 = Release|Any CPU
		{7BD5C4DF-781E-4BF1-AE62-91C679A821F1}.Release|x64.ActiveCfg = Release|Any CPU
		{7BD5C4DF-781E-4BF1-AE62-91C679A821F1}.Release|x64.Build.0 = Release|Any CPU
		{7BD5C4DF-781E-4BF1-AE62-91C679A821F1}.Release|x86.ActiveCfg = Release|Any CPU
		{7BD5C4DF-781E-4BF1-AE62-91C679A821F1}.Release|x86.Build.0 = Release|Any CPU
	EndGlobalSection
	GlobalSection(SolutionProperties) = preSolution
		HideSolutionNode = FALSE
	EndGlobalSection
EndGlobal
