
Microsoft Visual Studio Solution File, Format Version 12.00
# Visual Studio Version 17
VisualStudioVersion = 17.0.31903.59
MinimumVisualStudioVersion = 10.0.40219.1
Project("{FAE04EC0-301F-11D3-BF4B-00C04F79EFBC}") = "Domain", "Domain\Domain.csproj", "{C6A03CE9-FCE7-43EE-A969-386B73B1250B}"
EndProject
Project("{FAE04EC0-301F-11D3-BF4B-00C04F79EFBC}") = "Infrastructure", "Infrastructure\Infrastructure.csproj", "{C19FDD26-EF0C-4660-8F28-550FB4981DB2}"
EndProject
Project("{FAE04EC0-301F-11D3-BF4B-00C04F79EFBC}") = "ConsoleApp", "ConsoleApp\ConsoleApp.csproj", "{C7120B1D-6986-4F42-A4CC-3BF0F22FF89F}"
EndProject
Global
	GlobalSection(SolutionConfigurationPlatforms) = preSolution
		Debug|Any CPU = Debug|Any CPU
		Debug|x64 = Debug|x64
		Debug|x86 = Debug|x86
		Release|Any CPU = Release|Any CPU
		Release|x64 = Release|x64
		Release|x86 = Release|x86
	EndGlobalSection
	GlobalSection(ProjectConfigurationPlatforms) = postSolution
		{C6A03CE9-FCE7-43EE-A969-386B73B1250B}.Debug|Any CPU.ActiveCfg = Debug|Any CPU
		{C6A03CE9-FCE7-43EE-A969-386B73B1250B}.Debug|Any CPU.Build.0 = Debug|Any CPU
		{C6A03CE9-FCE7-43EE-A969-386B73B1250B}.Debug|x64.ActiveCfg = Debug|Any CPU
		{C6A03CE9-FCE7-43EE-A969-386B73B1250B}.Debug|x64.Build.0 = Debug|Any CPU
		{C6A03CE9-FCE7-43EE-A969-386B73B1250B}.Debug|x86.ActiveCfg = Debug|Any CPU
		{C6A03CE9-FCE7-43EE-A969-386B73B1250B}.Debug|x86.Build.0 = Debug|Any CPU
		{C6A03CE9-FCE7-43EE-A969-386B73B1250B}.Release|Any CPU.ActiveCfg = Release|Any CPU
		{C6A03CE9-FCE7-43EE-A969-386B73B1250B}.Release|Any CPU.Build.0 = Release|Any CPU
		{C6A03CE9-FCE7-43EE-A969-386B73B1250B}.Release|x64.ActiveCfg = Release|Any CPU
		{C6A03CE9-FCE7-43EE-A969-386B73B1250B}.Release|x64.Build.0 = Release|Any CPU
		{C6A03CE9-FCE7-43EE-A969-386B73B1250B}.Release|x86.ActiveCfg = Release|Any CPU
		{C6A03CE9-FCE7-43EE-A969-386B73B1250B}.Release|x86.Build.0 = Release|Any CPU
		{C19FDD26-EF0C-4660-8F28-550FB4981DB2}.Debug|Any CPU.ActiveCfg = Debug|Any CPU
		{C19FDD26-EF0C-4660-8F28-550FB4981DB2}.Debug|Any CPU.Build.0 = Debug|Any CPU
		{C19FDD26-EF0C-4660-8F28-550FB4981DB2}.Debug|x64.ActiveCfg = Debug|Any CPU
		{C19FDD26-EF0C-4660-8F28-550FB4981DB2}.Debug|x64.Build.0 = Debug|Any CPU
		{C19FDD26-EF0C-4660-8F28-550FB4981DB2}.Debug|x86.ActiveCfg = Debug|Any CPU
		{C19FDD26-EF0C-4660-8F28-550FB4981DB2}.Debug|x86.Build.0 = Debug|Any CPU
		{C19FDD26-EF0C-4660-8F28-550FB4981DB2}.Release|Any CPU.ActiveCfg = Release|Any CPU
		{C19FDD26-EF0C-4660-8F28-550FB4981DB2}.Release|Any CPU.Build.0 = Release|Any CPU
		{C19FDD26-EF0C-4660-8F28-550FB4981DB2}.Release|x64.ActiveCfg = Release|Any CPU
		{C19FDD26-EF0C-4660-8F28-550FB4981DB2}.Release|x64.Build.0 = Release|Any CPU
		{C19FDD26-EF0C-4660-8F28-550FB4981DB2}.Release|x86.ActiveCfg = Release|Any CPU
		{C19FDD26-EF0C-4660-8F28-550FB4981DB2}.Release|x86.Build.0 = Release|Any CPU
		{C7120B1D-6986-4F42-A4CC-3BF0F22FF89F}.Debug|Any CPU.ActiveCfg = Debug|Any CPU
		{C7120B1D-6986-4F42-A4CC-3BF0F22FF89F}.Debug|Any CPU.Build.0 = Debug|Any CPU
		{C7120B1D-6986-4F42-A4CC-3BF0F22FF89F}.Debug|x64.ActiveCfg = Debug|Any CPU
		{C7120B1D-6986-4F42-A4CC-3BF0F22FF89F}.Debug|x64.Build.0 = Debug|Any CPU
		{C7120B1D-6986-4F42-A4CC-3BF0F22FF89F}.Debug|x86.ActiveCfg = Debug|Any CPU
		{C7120B1D-6986-4F42-A4CC-3BF0F22FF89F}.Debug|x86.Build.0 = Debug|Any CPU
		{C7120B1D-6986-4F42-A4CC-3BF0F22FF89F}.Release|Any CPU.ActiveCfg = Release|Any CPU
		{C7120B1D-6986-4F42-A4CC-3BF0F22FF89F}.Release|Any CPU.Build.0 = Release|Any CPU
		{C7120B1D-6986-4F42-A4CC-3BF0F22FF89F}.Release|x64.ActiveCfg = Release|Any CPU
		{C7120B1D-6986-4F42-A4CC-3BF0F22FF89F}.Release|x64.Build.0 = Release|Any CPU
		{C7120B1D-6986-4F42-A4CC-3BF0F22FF89F}.Release|x86.ActiveCfg = Release|Any CPU
		{C7120B1D-6986-4F42-A4CC-3BF0F22FF89F}.Release|x86.Build.0 = Release|Any CPU
	EndGlobalSection
	GlobalSection(SolutionProperties) = preSolution
		HideSolutionNode = FALSE
	EndGlobalSection
EndGlobal
