
Microsoft Visual Studio Solution File, Format Version 12.00
# Visual Studio Version 17
VisualStudioVersion = 17.0.31903.59
MinimumVisualStudioVersion = 10.0.40219.1
Project("{FAE04EC0-301F-11D3-BF4B-00C04F79EFBC}") = "Domain", "Domain\Domain.csproj", "{015E8D47-CFB0-43E6-AC6A-6631AE985C1E}"
EndProject
Project("{FAE04EC0-301F-11D3-BF4B-00C04F79EFBC}") = "Infrastructure", "Infrastructure\Infrastructure.csproj", "{8A3D2C6C-44D8-4F03-899B-3CE36F0066AD}"
EndProject
Project("{FAE04EC0-301F-11D3-BF4B-00C04F79EFBC}") = "ConsoleApp", "ConsoleApp\ConsoleApp.csproj", "{17D3CF4A-16FE-4DCA-984D-A5138ED91F34}"
EndProject
Global
	GlobalSection(SolutionConfigurationPlatforms) = preSolution
		Debug|Any CPU = Debug|Any CPU
		Debug|x64 = Debug|x64
		Debug|x86 = Debug|x86
		Release|Any CPU = Release|Any CPU
		Release|x64 = Release|x64
		Release|x86 = Release|x86
	EndGlobalSection
	GlobalSection(ProjectConfigurationPlatforms) = postSolution
		{015E8D47-CFB0-43E6-AC6A-6631AE985C1E}.Debug|Any CPU.ActiveCfg = Debug|Any CPU
		{015E8D47-CFB0-43E6-AC6A-6631AE985C1E}.Debug|Any CPU.Build.0 = Debug|Any CPU
		{015E8D47-CFB0-43E6-AC6A-6631AE985C1E}.Debug|x64.ActiveCfg = Debug|Any CPU
		{015E8D47-CFB0-43E6-AC6A-6631AE985C1E}.Debug|x64.Build.0 = Debug|Any CPU
		{015E8D47-CFB0-43E6-AC6A-6631AE985C1E}.Debug|x86.ActiveCfg = Debug|Any CPU
		{015E8D47-CFB0-43E6-AC6A-6631AE985C1E}.Debug|x86.Build.0 = Debug|Any CPU
		{015E8D47-CFB0-43E6-AC6A-6631AE985C1E}.Release|Any CPU.ActiveCfg = Release|Any CPU
		{015E8D47-CFB0-43E6-AC6A-6631AE985C1E}.Release|Any CPU.Build.0 = Release|Any CPU
		{015E8D47-CFB0-43E6-AC6A-6631AE985C1E}.Release|x64.ActiveCfg = Release|Any CPU
		{015E8D47-CFB0-43E6-AC6A-6631AE985C1E}.Release|x64.Build.0 = Release|Any CPU
		{015E8D47-CFB0-43E6-AC6A-6631AE985C1E}.Release|x86.ActiveCfg = Release|Any CPU
		{015E8D47-CFB0-43E6-AC6A-6631AE985C1E}.Release|x86.Build.0 = Release|Any CPU
		{8A3D2C6C-44D8-4F03-899B-3CE36F0066AD}.Debug|Any CPU.ActiveCfg = Debug|Any CPU
		{8A3D2C6C-44D8-4F03-899B-3CE36F0066AD}.Debug|Any CPU.Build.0 = Debug|Any CPU
		{8A3D2C6C-44D8-4F03-899B-3CE36F0066AD}.Debug|x64.ActiveCfg = Debug|Any CPU
		{8A3D2C6C-44D8-4F03-899B-3CE36F0066AD}.Debug|x64.Build.0 = Debug|Any CPU
		{8A3D2C6C-44D8-4F03-899B-3CE36F0066AD}.Debug|x86.ActiveCfg = Debug|Any CPU
		{8A3D2C6C-44D8-4F03-899B-3CE36F0066AD}.Debug|x86.Build.0 = Debug|Any CPU
		{8A3D2C6C-44D8-4F03-899B-3CE36F0066AD}.Release|Any CPU.ActiveCfg = Release|Any CPU
		{8A3D2C6C-44D8-4F03-899B-3CE36F0066AD}.Release|Any CPU.Build.0 = Release|Any CPU
		{8A3D2C6C-44D8-4F03-899B-3CE36F0066AD}.Release|x64.ActiveCfg = Release|Any CPU
		{8A3D2C6C-44D8-4F03-899B-3CE36F0066AD}.Release|x64.Build.0 = Release|Any CPU
		{8A3D2C6C-44D8-4F03-899B-3CE36F0066AD}.Release|x86.ActiveCfg = Release|Any CPU
		{8A3D2C6C-44D8-4F03-899B-3CE36F0066AD}.Release|x86.Build.0 = Release|Any CPU
		{17D3CF4A-16FE-4DCA-984D-A5138ED91F34}.Debug|Any CPU.ActiveCfg = Debug|Any CPU
		{17D3CF4A-16FE-4DCA-984D-A5138ED91F34}.Debug|Any CPU.Build.0 = Debug|Any CPU
		{17D3CF4A-16FE-4DCA-984D-A5138ED91F34}.Debug|x64.ActiveCfg = Debug|Any CPU
		{17D3CF4A-16FE-4DCA-984D-A5138ED91F34}.Debug|x64.Build.0 = Debug|Any CPU
		{17D3CF4A-16FE-4DCA-984D-A5138ED91F34}.Debug|x86.ActiveCfg = Debug|Any CPU
		{17D3CF4A-16FE-4DCA-984D-A5138ED91F34}.Debug|x86.Build.0 = Debug|Any CPU
		{17D3CF4A-16FE-4DCA-984D-A5138ED91F34}.Release|Any CPU.ActiveCfg = Release|Any CPU
		{17D3CF4A-16FE-4DCA-984D-A5138ED91F34}.Release|Any CPU.Build.0 = Release|Any CPU
		{17D3CF4A-16FE-4DCA-984D-A5138ED91F34}.Release|x64.ActiveCfg = Release|Any CPU
		{17D3CF4A-16FE-4DCA-984D-A5138ED91F34}.Release|x64.Build.0 = Release|Any CPU
		{17D3CF4A-16FE-4DCA-984D-A5138ED91F34}.Release|x86.ActiveCfg = Release|Any CPU
		{17D3CF4A-16FE-4DCA-984D-A5138ED91F34}.Release|x86.Build.0 = Release|Any CPU
	EndGlobalSection
	GlobalSection(SolutionProperties) = preSolution
		HideSolutionNode = FALSE
	EndGlobalSection
EndGlobal
