
Microsoft Visual Studio Solution File, Format Version 12.00
# Visual Studio Version 17
VisualStudioVersion = 17.0.31903.59
MinimumVisualStudioVersion = 10.0.40219.1
Project("{FAE04EC0-301F-11D3-BF4B-00C04F79EFBC}") = "Domain", "Domain\Domain.csproj", "{7174B3E8-75FD-4F36-ADFB-D07FFADCF024}"
EndProject
Project("{FAE04EC0-301F-11D3-BF4B-00C04F79EFBC}") = "Infrastructure", "Infrastructure\Infrastructure.csproj", "{74227F3A-679B-40DE-9D28-F225A83DA22B}"
EndProject
Project("{FAE04EC0-301F-11D3-BF4B-00C04F79EFBC}") = "ConsoleApp", "ConsoleApp\ConsoleApp.csproj", "{B15C8D0A-CE3E-49C5-A4FC-D7FA9AAF3E5C}"
EndProject
Global
	GlobalSection(SolutionConfigurationPlatforms) = preSolution
		Debug|Any CPU = Debug|Any CPU
		Debug|x64 = Debug|x64
		Debug|x86 = Debug|x86
		Release|Any CPU = Release|Any CPU
		Release|x64 = Release|x64
		Release|x86 = Release|x86
	EndGlobalSection
	GlobalSection(ProjectConfigurationPlatforms) = postSolution
		{7174B3E8-75FD-4F36-ADFB-D07FFADCF024}.Debug|Any CPU.ActiveCfg = Debug|Any CPU
		{7174B3E8-75FD-4F36-ADFB-D07FFADCF024}.Debug|Any CPU.Build.0 = Debug|Any CPU
		{7174B3E8-75FD-4F36-ADFB-D07FFADCF024}.Debug|x64.ActiveCfg = Debug|Any CPU
		{7174B3E8-75FD-4F36-ADFB-D07FFADCF024}.Debug|x64.Build.0 = Debug|Any CPU
		{7174B3E8-75FD-4F36-ADFB-D07FFADCF024}.Debug|x86.ActiveCfg = Debug|Any CPU
		{7174B3E8-75FD-4F36-ADFB-D07FFADCF024}.Debug|x86.Build.0 = Debug|Any CPU
		{7174B3E8-75FD-4F36-ADFB-D07FFADCF024}.Release|Any CPU.ActiveCfg = Release|Any CPU
		{7174B3E8-75FD-4F36-ADFB-D07FFADCF024}.Release|Any CPU.Build.0 = Release|Any CPU
		{7174B3E8-75FD-4F36-ADFB-D07FFADCF024}.Release|x64.ActiveCfg = Release|Any CPU
		{7174B3E8-75FD-4F36-ADFB-D07FFADCF024}.Release|x64.Build.0 = Release|Any CPU
		{7174B3E8-75FD-4F36-ADFB-D07FFADCF024}.Release|x86.ActiveCfg = Release|Any CPU
		{7174B3E8-75FD-4F36-ADFB-D07FFADCF024}.Release|x86.Build.0 = Release|Any CPU
		{74227F3A-679B-40DE-9D28-F225A83DA22B}.Debug|Any CPU.ActiveCfg = Debug|Any CPU
		{74227F3A-679B-40DE-9D28-F225A83DA22B}.Debug|Any CPU.Build.0 = Debug|Any CPU
		{74227F3A-679B-40DE-9D28-F225A83DA22B}.Debug|x64.ActiveCfg = Debug|Any CPU
		{74227F3A-679B-40DE-9D28-F225A83DA22B}.Debug|x64.Build.0 = Debug|Any CPU
		{74227F3A-679B-40DE-9D28-F225A83DA22B}.Debug|x86.ActiveCfg = Debug|Any CPU
		{74227F3A-679B-40DE-9D28-F225A83DA22B}.Debug|x86.Build.0 = Debug|Any CPU
		{74227F3A-679B-40DE-9D28-F225A83DA22B}.Release|Any CPU.ActiveCfg = Release|Any CPU
		{74227F3A-679B-40DE-9D28-F225A83DA22B}.Release|Any CPU.Build.0 = Release|Any CPU
		{74227F3A-679B-40DE-9D28-F225A83DA22B}.Release|x64.ActiveCfg = Release|Any CPU
		{74227F3A-679B-40DE-9D28-F225A83DA22B}.Release|x64.Build.0 = Release|Any CPU
		{74227F3A-679B-40DE-9D28-F225A83DA22B}.Release|x86.ActiveCfg = Release|Any CPU
		{74227F3A-679B-40DE-9D28-F225A83DA22B}.Release|x86.Build.0 = Release|Any CPU
		{B15C8D0A-CE3E-49C5-A4FC-D7FA9AAF3E5C}.Debug|Any CPU.ActiveCfg = Debug|Any CPU
		{B15C8D0A-CE3E-49C5-A4FC-D7FA9AAF3E5C}.Debug|Any CPU.Build.0 = Debug|Any CPU
		{B15C8D0A-CE3E-49C5-A4FC-D7FA9AAF3E5C}.Debug|x64.ActiveCfg = Debug|Any CPU
		{B15C8D0A-CE3E-49C5-A4FC-D7FA9AAF3E5C}.Debug|x64.Build.0 = Debug|Any CPU
		{B15C8D0A-CE3E-49C5-A4FC-D7FA9AAF3E5C}.Debug|x86.ActiveCfg = Debug|Any CPU
		{B15C8D0A-CE3E-49C5-A4FC-D7FA9AAF3E5C}.Debug|x86.Build.0 = Debug|Any CPU
		{B15C8D0A-CE3E-49C5-A4FC-D7FA9AAF3E5C}.Release|Any CPU.ActiveCfg = Release|Any CPU
		{B15C8D0A-CE3E-49C5-A4FC-D7FA9AAF3E5C}.Release|Any CPU.Build.0 = Release|Any CPU
		{B15C8D0A-CE3E-49C5-A4FC-D7FA9AAF3E5C}.Release|x64.ActiveCfg = Release|Any CPU
		{B15C8D0A-CE3E-49C5-A4FC-D7FA9AAF3E5C}.Release|x64.Build.0 = Release|Any CPU
		{B15C8D0A-CE3E-49C5-A4FC-D7FA9AAF3E5C}.Release|x86.ActiveCfg = Release|Any CPU
		{B15C8D0A-CE3E-49C5-A4FC-D7FA9AAF3E5C}.Release|x86.Build.0 = Release|Any CPU
	EndGlobalSection
	GlobalSection(SolutionProperties) = preSolution
		HideSolutionNode = FALSE
	EndGlobalSection
EndGlobal
