
Microsoft Visual Studio Solution File, Format Version 12.00
# Visual Studio Version 17
VisualStudioVersion = 17.0.31903.59
MinimumVisualStudioVersion = 10.0.40219.1
Project("{FAE04EC0-301F-11D3-BF4B-00C04F79EFBC}") = "Domain", "Domain\Domain.csproj", "{0742B5CA-0A0C-4A8D-8983-6E355F0B8107}"
EndProject
Project("{FAE04EC0-301F-11D3-BF4B-00C04F79EFBC}") = "Infrastructure", "Infrastructure\Infrastructure.csproj", "{17D6C651-F745-46DC-9E5A-08D0C02C11F2}"
EndProject
Project("{FAE04EC0-301F-11D3-BF4B-00C04F79EFBC}") = "ConsoleApp", "ConsoleApp\ConsoleApp.csproj", "{2E340604-0AFA-4259-A5AA-9CB088CEA2D6}"
EndProject
Global
	GlobalSection(SolutionConfigurationPlatforms) = preSolution
		Debug|Any CPU = Debug|Any CPU
		Debug|x64 = Debug|x64
		Debug|x86 = Debug|x86
		Release|Any CPU = Release|Any CPU
		Release|x64 = Release|x64
		Release|x86 = Release|x86
	EndGlobalSection
	GlobalSection(ProjectConfigurationPlatforms) = postSolution
		{0742B5CA-0A0C-4A8D-8983-6E355F0B8107}.Debug|Any CPU.ActiveCfg = Debug|Any CPU
		{0742B5CA-0A0C-4A8D-8983-6E355F0B8107}.Debug|Any CPU.Build.0 = Debug|Any CPU
		{0742B5CA-0A0C-4A8D-8983-6E355F0B8107}.Debug|x64.ActiveCfg = Debug|Any CPU
		{0742B5CA-0A0C-4A8D-8983-6E355F0B8107}.Debug|x64.Build.0 = Debug|Any CPU
		{0742B5CA-0A0C-4A8D-8983-6E355F0B8107}.Debug|x86.ActiveCfg = Debug|Any CPU
		{0742B5CA-0A0C-4A8D-8983-6E355F0B8107}.Debug|x86.Build.0 = Debug|Any CPU
		{0742B5CA-0A0C-4A8D-8983-6E355F0B8107}.Release|Any CPU.ActiveCfg = Release|Any CPU
		{0742B5CA-0A0C-4A8D-8983-6E355F0B8107}.Release|Any CPU.Build.0 = Release|Any CPU
		{0742B5CA-0A0C-4A8D-8983-6E355F0B8107}.Release|x64.ActiveCfg = Release|Any CPU
		{0742B5CA-0A0C-4A8D-8983-6E355F0B8107}.Release|x64.Build.0 = Release|Any CPU
		{0742B5CA-0A0C-4A8D-8983-6E355F0B8107}.Release|x86.ActiveCfg = Release|Any CPU
		{0742B5CA-0A0C-4A8D-8983-6E355F0B8107}.Release|x86.Build.0 = Release|Any CPU
		{17D6C651-F745-46DC-9E5A-08D0C02C11F2}.Debug|Any CPU.ActiveCfg = Debug|Any CPU
		{17D6C651-F745-46DC-9E5A-08D0C02C11F2}.Debug|Any CPU.Build.0 = Debug|Any CPU
		{17D6C651-F745-46DC-9E5A-08D0C02C11F2}.Debug|x64.ActiveCfg = Debug|Any CPU
		{17D6C651-F745-46DC-9E5A-08D0C02C11F2}.Debug|x64.Build.0 = Debug|Any CPU
		{17D6C651-F745-46DC-9E5A-08D0C02C11F2}.Debug|x86.ActiveCfg = Debug|Any CPU
		{17D6C651-F745-46DC-9E5A-08D0C02C11F2}.Debug|x86.Build.0 = Debug|Any CPU
		{17D6C651-F745-46DC-9E5A-08D0C02C11F2}.Release|Any CPU.ActiveCfg = Release|Any CPU
		{17D6C651-F745-46DC-9E5A-08D0C02C11F2}.Release|Any CPU.Build.0 = Release|Any CPU
		{17D6C651-F745-46DC-9E5A-08D0C02C11F2}.Release|x64.ActiveCfg = Release|Any CPU
		{17D6C651-F745-46DC-9E5A-08D0C02C11F2}.Release|x64.Build.0 = Release|Any CPU
		{17D6C651-F745-46DC-9E5A-08D0C02C11F2}.Release|x86.ActiveCfg = Release|Any CPU
		{17D6C651-F745-46DC-9E5A-08D0C02C11F2}.Release|x86.Build.0 = Release|Any CPU
		{2E340604-0AFA-4259-A5AA-9CB088CEA2D6}.Debug|Any CPU.ActiveCfg = Debug|Any CPU
		{2E340604-0AFA-4259-A5AA-9CB088CEA2D6}.Debug|Any CPU.Build.0 = Debug|Any CPU
		{2E340604-0AFA-4259-A5AA-9CB088CEA2D6}.Debug|x64.ActiveCfg = Debug|Any CPU
		{2E340604-0AFA-4259-A5AA-9CB088CEA2D6}.Debug|x64.Build.0 = Debug|Any CPU
		{2E340604-0AFA-4259-A5AA-9CB088CEA2D6}.Debug|x86.ActiveCfg = Debug|Any CPU
		{2E340604-0AFA-4259-A5AA-9CB088CEA2D6}.Debug|x86.Build.0 = Debug|Any CPU
		{2E340604-0AFA-4259-A5AA-9CB088CEA2D6}.Release|Any CPU.ActiveCfg = Release|Any CPU
		{2E340604-0AFA-4259-A5AA-9CB088CEA2D6}.Release|Any CPU.Build.0 = Release|Any CPU
		{2E340604-0AFA-4259-A5AA-9CB088CEA2D6}.Release|x64.ActiveCfg = Release|Any CPU
		{2E340604-0AFA-4259-A5AA-9CB088CEA2D6}.Release|x64.Build.0 = Release|Any CPU
		{2E340604-0AFA-4259-A5AA-9CB088CEA2D6}.Release|x86.ActiveCfg = Release|Any CPU
		{2E340604-0AFA-4259-A5AA-9CB088CEA2D6}.Release|x86.Build.0 = Release|Any CPU
	EndGlobalSection
	GlobalSection(SolutionProperties) = preSolution
		HideSolutionNode = FALSE
	EndGlobalSection
EndGlobal
