
Microsoft Visual Studio Solution File, Format Version 12.00
# Visual Studio Version 17
VisualStudioVersion = 17.0.31903.59
MinimumVisualStudioVersion = 10.0.40219.1
Project("{FAE04EC0-301F-11D3-BF4B-00C04F79EFBC}") = "Domain", "Domain\Domain.csproj", "{DEB34FC7-D5C0-4E04-91CF-53E1A4A38432}"
EndProject
Project("{FAE04EC0-301F-11D3-BF4B-00C04F79EFBC}") = "Infrastructure", "Infrastructure\Infrastructure.csproj", "{00264185-20FC-468E-86C7-D8327BD53BE5}"
EndProject
Project("{FAE04EC0-301F-11D3-BF4B-00C04F79EFBC}") = "ConsoleApp", "ConsoleApp\ConsoleApp.csproj", "{0691D3F4-8B7F-4506-9A7B-5BEE9F22FD5C}"
EndProject
Global
	GlobalSection(SolutionConfigurationPlatforms) = preSolution
		Debug|Any CPU = Debug|Any CPU
		Debug|x64 = Debug|x64
		Debug|x86 = Debug|x86
		Release|Any CPU = Release|Any CPU
		Release|x64 = Release|x64
		Release|x86 = Release|x86
	EndGlobalSection
	GlobalSection(ProjectConfigurationPlatforms) = postSolution
		{DEB34FC7-D5C0-4E04-91CF-53E1A4A38432}.Debug|Any CPU.ActiveCfg = Debug|Any CPU
		{DEB34FC7-D5C0-4E04-91CF-53E1A4A38432}.Debug|Any CPU.Build.0 = Debug|Any CPU
		{DEB34FC7-D5C0-4E04-91CF-53E1A4A38432}.Debug|x64.ActiveCfg = Debug|Any CPU
		{DEB34FC7-D5C0-4E04-91CF-53E1A4A38432}.Debug|x64.Build.0 = Debug|Any CPU
		{DEB34FC7-D5C0-4E04-91CF-53E1A4A38432}.Debug|x86.ActiveCfg = Debug|Any CPU
		{DEB34FC7-D5C0-4E04-91CF-53E1A4A38432}.Debug|x86.Build.0 = Debug|Any CPU
		{DEB34FC7-D5C0-4E04-91CF-53E1A4A38432}.Release|Any CPU.ActiveCfg = Release|Any CPU
		{DEB34FC7-D5C0-4E04-91CF-53E1A4A38432}.Release|Any CPU.Build.0 = Release|Any CPU
		{DEB34FC7-D5C0-4E04-91CF-53E1A4A38432}.Release|x64.ActiveCfg = Release|Any CPU
		{DEB34FC7-D5C0-4E04-91CF-53E1A4A38432}.Release|x64.Build.0 = Release|Any CPU
		{DEB34FC7-D5C0-4E04-91CF-53E1A4A38432}.Release|x86.ActiveCfg = Release|Any CPU
		{DEB34FC7-D5C0-4E04-91CF-53E1A4A38432}.Release|x86.Build.0 = Release|Any CPU
		{00264185-20FC-468E-86C7-D8327BD53BE5}.Debug|Any CPU.ActiveCfg = Debug|Any CPU
		{00264185-20FC-468E-86C7-D8327BD53BE5}.Debug|Any CPU.Build.0 = Debug|Any CPU
		{00264185-20FC-468E-86C7-D8327BD53BE5}.Debug|x64.ActiveCfg = Debug|Any CPU
		{00264185-20FC-468E-86C7-D8327BD53BE5}.Debug|x64.Build.0 = Debug|Any CPU
		{00264185-20FC-468E-86C7-D8327BD53BE5}.Debug|x86.ActiveCfg = Debug|Any CPU
		{00264185-20FC-468E-86C7-D8327BD53BE5}.Debug|x86.Build.0 = Debug|Any CPU
		{00264185-20FC-468E-86C7-D8327BD53BE5}.Release|Any CPU.ActiveCfg = Release|Any CPU
		{00264185-20FC-468E-86C7-D8327BD53BE5}.Release|Any CPU.Build.0 = Release|Any CPU
		{00264185-20FC-468E-86C7-D8327BD53BE5}.Release|x64.ActiveCfg = Release|Any CPU
		{00264185-20FC-468E-86C7-D8327BD53BE5}.Release|x64.Build.0 = Release|Any CPU
		{00264185-20FC-468E-86C7-D8327BD53BE5}.Release|x86.ActiveCfg = Release|Any CPU
		{00264185-20FC-468E-86C7-D8327BD53BE5}.Release|x86.Build.0 = Release|Any CPU
		{0691D3F4-8B7F-4506-9A7B-5BEE9F22FD5C}.Debug|Any CPU.ActiveCfg = Debug|Any CPU
		{0691D3F4-8B7F-4506-9A7B-5BEE9F22FD5C}.Debug|Any CPU.Build.0 = Debug|Any CPU
		{0691D3F4-8B7F-4506-9A7B-5BEE9F22FD5C}.Debug|x64.ActiveCfg = Debug|Any CPU
		{0691D3F4-8B7F-4506-9A7B-5BEE9F22FD5C}.Debug|x64.Build.0 = Debug|Any CPU
		{0691D3F4-8B7F-4506-9A7B-5BEE9F22FD5C}.Debug|x86.ActiveCfg = Debug|Any CPU
		{0691D3F4-8B7F-4506-9A7B-5BEE9F22FD5C}.Debug|x86.Build.0 = Debug|Any CPU
		{0691D3F4-8B7F-4506-9A7B-5BEE9F22FD5C}.Release|Any CPU.ActiveCfg = Release|Any CPU
		{0691D3F4-8B7F-4506-9A7B-5BEE9F22FD5C}.Release|Any CPU.Build.0 = Release|Any CPU
		{0691D3F4-8B7F-4506-9A7B-5BEE9F22FD5C}.Release|x64.ActiveCfg = Release|Any CPU
		{0691D3F4-8B7F-4506-9A7B-5BEE9F22FD5C}.Release|x64.Build.0 = Release|Any CPU
		{0691D3F4-8B7F-4506-9A7B-5BEE9F22FD5C}.Release|x86.ActiveCfg = Release|Any CPU
		{0691D3F4-8B7F-4506-9A7B-5BEE9F22FD5C}.Release|x86.Build.0 = Release|Any CPU
	EndGlobalSection
	GlobalSection(SolutionProperties) = preSolution
		HideSolutionNode = FALSE
	EndGlobalSection
EndGlobal
